
Microsoft Visual Studio Solution File, Format Version 12.00
# Visual Studio 15
VisualStudioVersion = 15.0.27130.2003
MinimumVisualStudioVersion = 10.0.40219.1
Project("{FAE04EC0-301F-11D3-BF4B-00C04F79EFBC}") = "SK2_JsonMerge", "SK2_JsonMerge\SK2_JsonMerge.csproj", "{AED3A68D-34C3-47D2-A7E7-331CD9136B26}"
EndProject
Global
	GlobalSection(SolutionConfigurationPlatforms) = preSolution
		Debug|Any CPU = Debug|Any CPU
		Release|Any CPU = Release|Any CPU
	EndGlobalSection
	GlobalSection(ProjectConfigurationPlatforms) = postSolution
		{AED3A68D-34C3-47D2-A7E7-331CD9136B26}.Debug|Any CPU.ActiveCfg = Debug|Any CPU
		{AED3A68D-34C3-47D2-A7E7-331CD9136B26}.Debug|Any CPU.Build.0 = Debug|Any CPU
		{AED3A68D-34C3-47D2-A7E7-331CD9136B26}.Release|Any CPU.ActiveCfg = Release|Any CPU
		{AED3A68D-34C3-47D2-A7E7-331CD9136B26}.Release|Any CPU.Build.0 = Release|Any CPU
	EndGlobalSection
	GlobalSection(SolutionProperties) = preSolution
		HideSolutionNode = FALSE
	EndGlobalSection
	GlobalSection(ExtensibilityGlobals) = postSolution
		SolutionGuid = {F3ADF601-DE3C-4265-B1B8-20EC4FABD2FB}
	EndGlobalSection
EndGlobal
